{
  "name": "antlr",
  "version": "1.0.0",
  "lockfileVersion": 2,
  "requires": true,
  "packages": {
    "": {
      "version": "1.0.0",
      "license": "ISC",
      "dependencies": {
        "antlr4": "^4.9.2"
      }
    },
    "node_modules/antlr4": {
      "version": "4.9.2",
      "resolved": "http://mirrors.tencent.com/npm/antlr4/-/antlr4-4.9.2.tgz",
      "integrity": "sha512-UjMSlenUORL+a+6g4RNZxRh5LcFWybRi2g0ASDBpgXBY6nlavg0BRVAVEQF0dz8jH6SyX3lV7uP5y/krJzc+Hw==",
      "license": "BSD-3-Clause",
      "engines": {
        "node": ">=14"
      }
    }
  },
  "dependencies": {
    "antlr4": {
      "version": "4.9.2",
      "resolved": "http://mirrors.tencent.com/npm/antlr4/-/antlr4-4.9.2.tgz",
      "integrity": "sha512-UjMSlenUORL+a+6g4RNZxRh5LcFWybRi2g0ASDBpgXBY6nlavg0BRVAVEQF0dz8jH6SyX3lV7uP5y/krJzc+Hw=="
    }
  }
}
